
Microsoft Visual Studio Solution File, Format Version 12.00
# Visual Studio 15
VisualStudioVersion = 15.0.26730.15
MinimumVisualStudioVersion = 10.0.40219.1
Project("{FAE04EC0-301F-11D3-BF4B-00C04F79EFBC}") = "WhosGotTheKids.Android", "WhosGotTheKids\WhosGotTheKids.Android\WhosGotTheKids.Android.csproj", "{02DFA57B-B44B-4549-83B6-0494112FBEA5}"
EndProject
Project("{FAE04EC0-301F-11D3-BF4B-00C04F79EFBC}") = "WhosGotTheKids.iOS", "WhosGotTheKids\WhosGotTheKids.iOS\WhosGotTheKids.iOS.csproj", "{8F00611D-E5C1-466B-8D29-D3832B6F860E}"
EndProject
Project("{FAE04EC0-301F-11D3-BF4B-00C04F79EFBC}") = "WhosGotTheKids.UWP", "WhosGotTheKids\WhosGotTheKids.UWP\WhosGotTheKids.UWP.csproj", "{A59C2974-D961-43B5-A16F-69DE97BD12C2}"
EndProject
Project("{FAE04EC0-301F-11D3-BF4B-00C04F79EFBC}") = "WhosGotTheKids", "WhosGotTheKids\WhosGotTheKids\WhosGotTheKids.csproj", "{616087D7-378C-4378-9C35-0B7AD96D0730}"
EndProject
Global
	GlobalSection(SolutionConfigurationPlatforms) = preSolution
		Debug|Any CPU = Debug|Any CPU
		Debug|ARM = Debug|ARM
		Debug|iPhone = Debug|iPhone
		Debug|iPhoneSimulator = Debug|iPhoneSimulator
		Debug|x64 = Debug|x64
		Debug|x86 = Debug|x86
		Release|Any CPU = Release|Any CPU
		Release|ARM = Release|ARM
		Release|iPhone = Release|iPhone
		Release|iPhoneSimulator = Release|iPhoneSimulator
		Release|x64 = Release|x64
		Release|x86 = Release|x86
	EndGlobalSection
	GlobalSection(ProjectConfigurationPlatforms) = postSolution
		{02DFA57B-B44B-4549-83B6-0494112FBEA5}.Debug|Any CPU.ActiveCfg = Debug|Any CPU
		{02DFA57B-B44B-4549-83B6-0494112FBEA5}.Debug|Any CPU.Build.0 = Debug|Any CPU
		{02DFA57B-B44B-4549-83B6-0494112FBEA5}.Debug|Any CPU.Deploy.0 = Debug|Any CPU
		{02DFA57B-B44B-4549-83B6-0494112FBEA5}.Debug|ARM.ActiveCfg = Debug|Any CPU
		{02DFA57B-B44B-4549-83B6-0494112FBEA5}.Debug|ARM.Build.0 = Debug|Any CPU
		{02DFA57B-B44B-4549-83B6-0494112FBEA5}.Debug|ARM.Deploy.0 = Debug|Any CPU
		{02DFA57B-B44B-4549-83B6-0494112FBEA5}.Debug|iPhone.ActiveCfg = Debug|Any CPU
		{02DFA57B-B44B-4549-83B6-0494112FBEA5}.Debug|iPhone.Build.0 = Debug|Any CPU
		{02DFA57B-B44B-4549-83B6-0494112FBEA5}.Debug|iPhone.Deploy.0 = Debug|Any CPU
		{02DFA57B-B44B-4549-83B6-0494112FBEA5}.Debug|iPhoneSimulator.ActiveCfg = Debug|Any CPU
		{02DFA57B-B44B-4549-83B6-0494112FBEA5}.Debug|iPhoneSimulator.Build.0 = Debug|Any CPU
		{02DFA57B-B44B-4549-83B6-0494112FBEA5}.Debug|iPhoneSimulator.Deploy.0 = Debug|Any CPU
		{02DFA57B-B44B-4549-83B6-0494112FBEA5}.Debug|x64.ActiveCfg = Debug|Any CPU
		{02DFA57B-B44B-4549-83B6-0494112FBEA5}.Debug|x64.Build.0 = Debug|Any CPU
		{02DFA57B-B44B-4549-83B6-0494112FBEA5}.Debug|x64.Deploy.0 = Debug|Any CPU
		{02DFA57B-B44B-4549-83B6-0494112FBEA5}.Debug|x86.ActiveCfg = Debug|Any CPU
		{02DFA57B-B44B-4549-83B6-0494112FBEA5}.Debug|x86.Build.0 = Debug|Any CPU
		{02DFA57B-B44B-4549-83B6-0494112FBEA5}.Debug|x86.Deploy.0 = Debug|Any CPU
		{02DFA57B-B44B-4549-83B6-0494112FBEA5}.Release|Any CPU.ActiveCfg = Release|Any CPU
		{02DFA57B-B44B-4549-83B6-0494112FBEA5}.Release|Any CPU.Build.0 = Release|Any CPU
		{02DFA57B-B44B-4549-83B6-0494112FBEA5}.Release|Any CPU.Deploy.0 = Release|Any CPU
		{02DFA57B-B44B-4549-83B6-0494112FBEA5}.Release|ARM.ActiveCfg = Release|Any CPU
		{02DFA57B-B44B-4549-83B6-0494112FBEA5}.Release|ARM.Build.0 = Release|Any CPU
		{02DFA57B-B44B-4549-83B6-0494112FBEA5}.Release|ARM.Deploy.0 = Release|Any CPU
		{02DFA57B-B44B-4549-83B6-0494112FBEA5}.Release|iPhone.ActiveCfg = Release|Any CPU
		{02DFA57B-B44B-4549-83B6-0494112FBEA5}.Release|iPhone.Build.0 = Release|Any CPU
		{02DFA57B-B44B-4549-83B6-0494112FBEA5}.Release|iPhone.Deploy.0 = Release|Any CPU
		{02DFA57B-B44B-4549-83B6-0494112FBEA5}.Release|iPhoneSimulator.ActiveCfg = Release|Any CPU
		{02DFA57B-B44B-4549-83B6-0494112FBEA5}.Release|iPhoneSimulator.Build.0 = Release|Any CPU
		{02DFA57B-B44B-4549-83B6-0494112FBEA5}.Release|iPhoneSimulator.Deploy.0 = Release|Any CPU
		{02DFA57B-B44B-4549-83B6-0494112FBEA5}.Release|x64.ActiveCfg = Release|Any CPU
		{02DFA57B-B44B-4549-83B6-0494112FBEA5}.Release|x64.Build.0 = Release|Any CPU
		{02DFA57B-B44B-4549-83B6-0494112FBEA5}.Release|x64.Deploy.0 = Release|Any CPU
		{02DFA57B-B44B-4549-83B6-0494112FBEA5}.Release|x86.ActiveCfg = Release|Any CPU
		{02DFA57B-B44B-4549-83B6-0494112FBEA5}.Release|x86.Build.0 = Release|Any CPU
		{02DFA57B-B44B-4549-83B6-0494112FBEA5}.Release|x86.Deploy.0 = Release|Any CPU
		{8F00611D-E5C1-466B-8D29-D3832B6F860E}.Debug|Any CPU.ActiveCfg = Debug|iPhone
		{8F00611D-E5C1-466B-8D29-D3832B6F860E}.Debug|ARM.ActiveCfg = Debug|iPhone
		{8F00611D-E5C1-466B-8D29-D3832B6F860E}.Debug|iPhone.ActiveCfg = Debug|iPhone
		{8F00611D-E5C1-466B-8D29-D3832B6F860E}.Debug|iPhone.Build.0 = Debug|iPhone
		{8F00611D-E5C1-466B-8D29-D3832B6F860E}.Debug|iPhoneSimulator.ActiveCfg = Debug|iPhoneSimulator
		{8F00611D-E5C1-466B-8D29-D3832B6F860E}.Debug|iPhoneSimulator.Build.0 = Debug|iPhoneSimulator
		{8F00611D-E5C1-466B-8D29-D3832B6F860E}.Debug|x64.ActiveCfg = Debug|iPhone
		{8F00611D-E5C1-466B-8D29-D3832B6F860E}.Debug|x86.ActiveCfg = Debug|iPhone
		{8F00611D-E5C1-466B-8D29-D3832B6F860E}.Release|Any CPU.ActiveCfg = Release|iPhone
		{8F00611D-E5C1-466B-8D29-D3832B6F860E}.Release|ARM.ActiveCfg = Release|iPhone
		{8F00611D-E5C1-466B-8D29-D3832B6F860E}.Release|iPhone.ActiveCfg = Release|iPhone
		{8F00611D-E5C1-466B-8D29-D3832B6F860E}.Release|iPhone.Build.0 = Release|iPhone
		{8F00611D-E5C1-466B-8D29-D3832B6F860E}.Release|iPhoneSimulator.ActiveCfg = Release|iPhoneSimulator
		{8F00611D-E5C1-466B-8D29-D3832B6F860E}.Release|iPhoneSimulator.Build.0 = Release|iPhoneSimulator
		{8F00611D-E5C1-466B-8D29-D3832B6F860E}.Release|x64.ActiveCfg = Release|iPhone
		{8F00611D-E5C1-466B-8D29-D3832B6F860E}.Release|x86.ActiveCfg = Release|iPhone
		{A59C2974-D961-43B5-A16F-69DE97BD12C2}.Debug|Any CPU.ActiveCfg = Debug|x86
		{A59C2974-D961-43B5-A16F-69DE97BD12C2}.Debug|ARM.ActiveCfg = Debug|ARM
		{A59C2974-D961-43B5-A16F-69DE97BD12C2}.Debug|ARM.Build.0 = Debug|ARM
		{A59C2974-D961-43B5-A16F-69DE97BD12C2}.Debug|ARM.Deploy.0 = Debug|ARM
		{A59C2974-D961-43B5-A16F-69DE97BD12C2}.Debug|iPhone.ActiveCfg = Debug|x86
		{A59C2974-D961-43B5-A16F-69DE97BD12C2}.Debug|iPhoneSimulator.ActiveCfg = Debug|x86
		{A59C2974-D961-43B5-A16F-69DE97BD12C2}.Debug|x64.ActiveCfg = Debug|x64
		{A59C2974-D961-43B5-A16F-69DE97BD12C2}.Debug|x64.Build.0 = Debug|x64
		{A59C2974-D961-43B5-A16F-69DE97BD12C2}.Debug|x64.Deploy.0 = Debug|x64
		{A59C2974-D961-43B5-A16F-69DE97BD12C2}.Debug|x86.ActiveCfg = Debug|x86
		{A59C2974-D961-43B5-A16F-69DE97BD12C2}.Debug|x86.Build.0 = Debug|x86
		{A59C2974-D961-43B5-A16F-69DE97BD12C2}.Debug|x86.Deploy.0 = Debug|x86
		{A59C2974-D961-43B5-A16F-69DE97BD12C2}.Release|Any CPU.ActiveCfg = Release|x86
		{A59C2974-D961-43B5-A16F-69DE97BD12C2}.Release|ARM.ActiveCfg = Release|ARM
		{A59C2974-D961-43B5-A16F-69DE97BD12C2}.Release|ARM.Build.0 = Release|ARM
		{A59C2974-D961-43B5-A16F-69DE97BD12C2}.Release|ARM.Deploy.0 = Release|ARM
		{A59C2974-D961-43B5-A16F-69DE97BD12C2}.Release|iPhone.ActiveCfg = Release|x86
		{A59C2974-D961-43B5-A16F-69DE97BD12C2}.Release|iPhoneSimulator.ActiveCfg = Release|x86
		{A59C2974-D961-43B5-A16F-69DE97BD12C2}.Release|x64.ActiveCfg = Release|x64
		{A59C2974-D961-43B5-A16F-69DE97BD12C2}.Release|x64.Build.0 = Release|x64
		{A59C2974-D961-43B5-A16F-69DE97BD12C2}.Release|x64.Deploy.0 = Release|x64
		{A59C2974-D961-43B5-A16F-69DE97BD12C2}.Release|x86.ActiveCfg = Release|x86
		{A59C2974-D961-43B5-A16F-69DE97BD12C2}.Release|x86.Build.0 = Release|x86
		{A59C2974-D961-43B5-A16F-69DE97BD12C2}.Release|x86.Deploy.0 = Release|x86
		{616087D7-378C-4378-9C35-0B7AD96D0730}.Debug|Any CPU.ActiveCfg = Debug|Any CPU
		{616087D7-378C-4378-9C35-0B7AD96D0730}.Debug|Any CPU.Build.0 = Debug|Any CPU
		{616087D7-378C-4378-9C35-0B7AD96D0730}.Debug|ARM.ActiveCfg = Debug|Any CPU
		{616087D7-378C-4378-9C35-0B7AD96D0730}.Debug|ARM.Build.0 = Debug|Any CPU
		{616087D7-378C-4378-9C35-0B7AD96D0730}.Debug|iPhone.ActiveCfg = Debug|Any CPU
		{616087D7-378C-4378-9C35-0B7AD96D0730}.Debug|iPhone.Build.0 = Debug|Any CPU
		{616087D7-378C-4378-9C35-0B7AD96D0730}.Debug|iPhoneSimulator.ActiveCfg = Debug|Any CPU
		{616087D7-378C-4378-9C35-0B7AD96D0730}.Debug|iPhoneSimulator.Build.0 = Debug|Any CPU
		{616087D7-378C-4378-9C35-0B7AD96D0730}.Debug|x64.ActiveCfg = Debug|Any CPU
		{616087D7-378C-4378-9C35-0B7AD96D0730}.Debug|x64.Build.0 = Debug|Any CPU
		{616087D7-378C-4378-9C35-0B7AD96D0730}.Debug|x86.ActiveCfg = Debug|Any CPU
		{616087D7-378C-4378-9C35-0B7AD96D0730}.Debug|x86.Build.0 = Debug|Any CPU
		{616087D7-378C-4378-9C35-0B7AD96D0730}.Release|Any CPU.ActiveCfg = Release|Any CPU
		{616087D7-378C-4378-9C35-0B7AD96D0730}.Release|Any CPU.Build.0 = Release|Any CPU
		{616087D7-378C-4378-9C35-0B7AD96D0730}.Release|ARM.ActiveCfg = Release|Any CPU
		{616087D7-378C-4378-9C35-0B7AD96D0730}.Release|ARM.Build.0 = Release|Any CPU
		{616087D7-378C-4378-9C35-0B7AD96D0730}.Release|iPhone.ActiveCfg = Release|Any CPU
		{616087D7-378C-4378-9C35-0B7AD96D0730}.Release|iPhone.Build.0 = Release|Any CPU
		{616087D7-378C-4378-9C35-0B7AD96D0730}.Release|iPhoneSimulator.ActiveCfg = Release|Any CPU
		{616087D7-378C-4378-9C35-0B7AD96D0730}.Release|iPhoneSimulator.Build.0 = Release|Any CPU
		{616087D7-378C-4378-9C35-0B7AD96D0730}.Release|x64.ActiveCfg = Release|Any CPU
		{616087D7-378C-4378-9C35-0B7AD96D0730}.Release|x64.Build.0 = Release|Any CPU
		{616087D7-378C-4378-9C35-0B7AD96D0730}.Release|x86.ActiveCfg = Release|Any CPU
		{616087D7-378C-4378-9C35-0B7AD96D0730}.Release|x86.Build.0 = Release|Any CPU
	EndGlobalSection
	GlobalSection(SolutionProperties) = preSolution
		HideSolutionNode = FALSE
	EndGlobalSection
	GlobalSection(ExtensibilityGlobals) = postSolution
		SolutionGuid = {B0567376-46CC-412E-A572-99E375D6EC92}
	EndGlobalSection
EndGlobal
